PODS:
  - DJI-SDK-iOS (4.11)
  - DJI-UXSDK-iOS (4.11)
  - DJIWidget (1.6.1)
  - Hdrpano (1.1.5)

DEPENDENCIES:
  - DJI-SDK-iOS (~> 4.11)
  - DJI-UXSDK-iOS (~> 4.11)
  - DJIWidget (~> 1.6.1)
  - Hdrpano (~> 1.1.5)

SPEC REPOS:
  trunk:
    - DJI-SDK-iOS
    - DJI-UXSDK-iOS
    - DJIWidget
    - Hdrpano

SPEC CHECKSUMS:
  DJI-SDK-iOS: dde922e22db39e270816fd7b077eccd362d61e4f
  DJI-UXSDK-iOS: cc2b32807572b0c1c84b182c9743c6d0a26c84f2
  DJIWidget: 93d449c4ef9cad1292b400e39da80ade4c538ee4
  Hdrpano: 737fe286c773efa9e8ccdcbaa1a8713d6716f4a6

PODFILE CHECKSUM: bc2faf5534ed926ab909bbf625581a7913777e4d

COCOAPODS: 1.8.4
