PODS:
  - DJI-SDK-iOS (4.11.2)
  - DJI-UXSDK-iOS (4.11.1):
    - DJI-UXSDK-iOS/Core (= 4.11.1)
  - DJI-UXSDK-iOS/Core (4.11.1)
  - DJIWidget (1.6.2)
  - Hdrpano (1.1.8)

DEPENDENCIES:
  - DJI-SDK-iOS (~> 4.11.2)
  - DJI-UXSDK-iOS (~> 4.11.1)
  - DJIWidget (~> 1.6.2)
  - Hdrpano (~> 1.1.8)

SPEC REPOS:
  trunk:
    - DJI-SDK-iOS
    - DJI-UXSDK-iOS
    - DJIWidget
    - Hdrpano

SPEC CHECKSUMS:
  DJI-SDK-iOS: dd421937079d101dee461eb5c311cb9d26404dd7
  DJI-UXSDK-iOS: 29948f571d2e6c0e3131eb93ea77a0e4582f1932
  DJIWidget: cc635356515eaac7e9698eb9b1b8c5764728e3c5
  Hdrpano: 2f5401fa225e96c5c1e9128bc2067689865bf21f

PODFILE CHECKSUM: 0d782866088921a802ca04bd8957d1d86b278dbe

COCOAPODS: 1.8.4
