// !$*UTF8*$!
{
	archiveVersion = 1;
	classes = {
	};
	objectVersion = 52;
	objects = {

/* Begin PBXBuildFile section */
		39299E0C23B0FE1F005EA027 /* GimbalViewController.swift in Sources */ = {isa = PBXBuildFile; fileRef = 39299E0B23B0FE1F005EA027 /* GimbalViewController.swift */; };
		397A26B122FAABA300F81C60 /* AppDelegate.swift in Sources */ = {isa = PBXBuildFile; fileRef = 397A26B022FAABA300F81C60 /* AppDelegate.swift */; };
		397A26B322FAABA300F81C60 /* ViewController.swift in Sources */ = {isa = PBXBuildFile; fileRef = 397A26B222FAABA300F81C60 /* ViewController.swift */; };
		397A26B622FAABA300F81C60 /* Main.storyboard in Resources */ = {isa = PBXBuildFile; fileRef = 397A26B422FAABA300F81C60 /* Main.storyboard */; };
		397A26B822FAABA400F81C60 /* Assets.xcassets in Resources */ = {isa = PBXBuildFile; fileRef = 397A26B722FAABA400F81C60 /* Assets.xcassets */; };
		397A26BB22FAABA400F81C60 /* LaunchScreen.storyboard in Resources */ = {isa = PBXBuildFile; fileRef = 397A26B922FAABA400F81C60 /* LaunchScreen.storyboard */; };
		397A26CB22FAC25E00F81C60 /* ProductCommunicationManager.swift in Sources */ = {isa = PBXBuildFile; fileRef = 397A26CA22FAC25E00F81C60 /* ProductCommunicationManager.swift */; };
		DFB278B7473593BBC9952937 /* Pods_DJI_SDK_HDRPANO.framework in Frameworks */ = {isa = PBXBuildFile; fileRef = 765E66C83E635062500CE356 /* Pods_DJI_SDK_HDRPANO.framework */; };
/* End PBXBuildFile section */

/* Begin PBXFileReference section */
		36D2CE4850B2A69AE96BD966 /* Pods-DJI-SDK-HDRPANO.debug.xcconfig */ = {isa = PBXFileReference; includeInIndex = 1; lastKnownFileType = text.xcconfig; name = "Pods-DJI-SDK-HDRPANO.debug.xcconfig"; path = "Target Support Files/Pods-DJI-SDK-HDRPANO/Pods-DJI-SDK-HDRPANO.debug.xcconfig"; sourceTree = "<group>"; };
		39299E0B23B0FE1F005EA027 /* GimbalViewController.swift */ = {isa = PBXFileReference; lastKnownFileType = sourcecode.swift; path = GimbalViewController.swift; sourceTree = "<group>"; };
		397A26AD22FAABA300F81C60 /* DJI-SDK-HDRPANO.app */ = {isa = PBXFileReference; explicitFileType = wrapper.application; includeInIndex = 0; path = "DJI-SDK-HDRPANO.app"; sourceTree = BUILT_PRODUCTS_DIR; };
		397A26B022FAABA300F81C60 /* AppDelegate.swift */ = {isa = PBXFileReference; lastKnownFileType = sourcecode.swift; path = AppDelegate.swift; sourceTree = "<group>"; };
		397A26B222FAABA300F81C60 /* ViewController.swift */ = {isa = PBXFileReference; lastKnownFileType = sourcecode.swift; path = ViewController.swift; sourceTree = "<group>"; };
		397A26B522FAABA300F81C60 /* Base */ = {isa = PBXFileReference; lastKnownFileType = file.storyboard; name = Base; path = Base.lproj/Main.storyboard; sourceTree = "<group>"; };
		397A26B722FAABA400F81C60 /* Assets.xcassets */ = {isa = PBXFileReference; lastKnownFileType = folder.assetcatalog; path = Assets.xcassets; sourceTree = "<group>"; };
		397A26BA22FAABA400F81C60 /* Base */ = {isa = PBXFileReference; lastKnownFileType = file.storyboard; name = Base; path = Base.lproj/LaunchScreen.storyboard; sourceTree = "<group>"; };
		397A26BC22FAABA400F81C60 /* Info.plist */ = {isa = PBXFileReference; lastKnownFileType = text.plist.xml; path = Info.plist; sourceTree = "<group>"; };
		397A26CA22FAC25E00F81C60 /* ProductCommunicationManager.swift */ = {isa = PBXFileReference; lastKnownFileType = sourcecode.swift; path = ProductCommunicationManager.swift; sourceTree = "<group>"; };
		7233F07F27C7F050F97A1816 /* Pods-DJI-SDK-HDRPANO.release.xcconfig */ = {isa = PBXFileReference; includeInIndex = 1; lastKnownFileType = text.xcconfig; name = "Pods-DJI-SDK-HDRPANO.release.xcconfig"; path = "Target Support Files/Pods-DJI-SDK-HDRPANO/Pods-DJI-SDK-HDRPANO.release.xcconfig"; sourceTree = "<group>"; };
		765E66C83E635062500CE356 /* Pods_DJI_SDK_HDRPANO.framework */ = {isa = PBXFileReference; explicitFileType = wrapper.framework; includeInIndex = 0; path = Pods_DJI_SDK_HDRPANO.framework; sourceTree = BUILT_PRODUCTS_DIR; };
/* End PBXFileReference section */

/* Begin PBXFrameworksBuildPhase section */
		397A26AA22FAABA300F81C60 /* Frameworks */ = {
			isa = PBXFrameworksBuildPhase;
			buildActionMask = 2147483647;
			files = (
				DFB278B7473593BBC9952937 /* Pods_DJI_SDK_HDRPANO.framework in Frameworks */,
			);
			runOnlyForDeploymentPostprocessing = 0;
		};
/* End PBXFrameworksBuildPhase section */

/* Begin PBXGroup section */
		18CFB12B9DE6F4D957FADF0C /* Pods */ = {
			isa = PBXGroup;
			children = (
				36D2CE4850B2A69AE96BD966 /* Pods-DJI-SDK-HDRPANO.debug.xcconfig */,
				7233F07F27C7F050F97A1816 /* Pods-DJI-SDK-HDRPANO.release.xcconfig */,
			);
			path = Pods;
			sourceTree = "<group>";
		};
		397A26A422FAABA300F81C60 = {
			isa = PBXGroup;
			children = (
				397A26AF22FAABA300F81C60 /* DJI-SDK-HDRPANO */,
				397A26AE22FAABA300F81C60 /* Products */,
				18CFB12B9DE6F4D957FADF0C /* Pods */,
				F3C3EFF7FA876E1FE5BF80CA /* Frameworks */,
			);
			sourceTree = "<group>";
		};
		397A26AE22FAABA300F81C60 /* Products */ = {
			isa = PBXGroup;
			children = (
				397A26AD22FAABA300F81C60 /* DJI-SDK-HDRPANO.app */,
			);
			name = Products;
			sourceTree = "<group>";
		};
		397A26AF22FAABA300F81C60 /* DJI-SDK-HDRPANO */ = {
			isa = PBXGroup;
			children = (
				397A26B722FAABA400F81C60 /* Assets.xcassets */,
				397A26B422FAABA300F81C60 /* Main.storyboard */,
				397A26B922FAABA400F81C60 /* LaunchScreen.storyboard */,
				397A26B022FAABA300F81C60 /* AppDelegate.swift */,
				397A26B222FAABA300F81C60 /* ViewController.swift */,
				397A26CA22FAC25E00F81C60 /* ProductCommunicationManager.swift */,
				397A26BC22FAABA400F81C60 /* Info.plist */,
				39299E0B23B0FE1F005EA027 /* GimbalViewController.swift */,
			);
			path = "DJI-SDK-HDRPANO";
			sourceTree = "<group>";
		};
		F3C3EFF7FA876E1FE5BF80CA /* Frameworks */ = {
			isa = PBXGroup;
			children = (
				765E66C83E635062500CE356 /* Pods_DJI_SDK_HDRPANO.framework */,
			);
			name = Frameworks;
			sourceTree = "<group>";
		};
/* End PBXGroup section */

/* Begin PBXNativeTarget section */
		397A26AC22FAABA300F81C60 /* DJI-SDK-HDRPANO */ = {
			isa = PBXNativeTarget;
			buildConfigurationList = 397A26BF22FAABA400F81C60 /* Build configuration list for PBXNativeTarget "DJI-SDK-HDRPANO" */;
			buildPhases = (
				058465F6A8058605FB64F6BF /* [CP] Check Pods Manifest.lock */,
				397A26A922FAABA300F81C60 /* Sources */,
				397A26AA22FAABA300F81C60 /* Frameworks */,
				397A26AB22FAABA300F81C60 /* Resources */,
				842BCF217DE5D2AB7335CD4B /* [CP] Embed Pods Frameworks */,
			);
			buildRules = (
			);
			dependencies = (
			);
			name = "DJI-SDK-HDRPANO";
			productName = "DJI-SDK-HDRPANO";
			productReference = 397A26AD22FAABA300F81C60 /* DJI-SDK-HDRPANO.app */;
			productType = "com.apple.product-type.application";
		};
/* End PBXNativeTarget section */

/* Begin PBXProject section */
		397A26A522FAABA300F81C60 /* Project object */ = {
			isa = PBXProject;
			attributes = {
				LastSwiftUpdateCheck = 1030;
				LastUpgradeCheck = 1030;
				ORGANIZATIONNAME = "Kilian Eisenegger";
				TargetAttributes = {
					397A26AC22FAABA300F81C60 = {
						CreatedOnToolsVersion = 10.3;
					};
				};
			};
			buildConfigurationList = 397A26A822FAABA300F81C60 /* Build configuration list for PBXProject "DJI-SDK-HDRPANO" */;
			compatibilityVersion = "Xcode 11.0";
			developmentRegion = en;
			hasScannedForEncodings = 0;
			knownRegions = (
				en,
				Base,
			);
			mainGroup = 397A26A422FAABA300F81C60;
			productRefGroup = 397A26AE22FAABA300F81C60 /* Products */;
			projectDirPath = "";
			projectRoot = "";
			targets = (
				397A26AC22FAABA300F81C60 /* DJI-SDK-HDRPANO */,
			);
		};
/* End PBXProject section */

/* Begin PBXResourcesBuildPhase section */
		397A26AB22FAABA300F81C60 /* Resources */ = {
			isa = PBXResourcesBuildPhase;
			buildActionMask = 2147483647;
			files = (
				397A26BB22FAABA400F81C60 /* LaunchScreen.storyboard in Resources */,
				397A26B822FAABA400F81C60 /* Assets.xcassets in Resources */,
				397A26B622FAABA300F81C60 /* Main.storyboard in Resources */,
			);
			runOnlyForDeploymentPostprocessing = 0;
		};
/* End PBXResourcesBuildPhase section */

/* Begin PBXShellScriptBuildPhase section */
		058465F6A8058605FB64F6BF /* [CP] Check Pods Manifest.lock */ = {
			isa = PBXShellScriptBuildPhase;
			buildActionMask = 2147483647;
			files = (
			);
			inputFileListPaths = (
			);
			inputPaths = (
				"${PODS_PODFILE_DIR_PATH}/Podfile.lock",
				"${PODS_ROOT}/Manifest.lock",
			);
			name = "[CP] Check Pods Manifest.lock";
			outputFileListPaths = (
			);
			outputPaths = (
				"$(DERIVED_FILE_DIR)/Pods-DJI-SDK-HDRPANO-checkManifestLockResult.txt",
			);
			runOnlyForDeploymentPostprocessing = 0;
			shellPath = /bin/sh;
			shellScript = "diff \"${PODS_PODFILE_DIR_PATH}/Podfile.lock\" \"${PODS_ROOT}/Manifest.lock\" > /dev/null\nif [ $? != 0 ] ; then\n    # print error to STDERR\n    echo \"error: The sandbox is not in sync with the Podfile.lock. Run 'pod install' or update your CocoaPods installation.\" >&2\n    exit 1\nfi\n# This output is used by Xcode 'outputs' to avoid re-running this script phase.\necho \"SUCCESS\" > \"${SCRIPT_OUTPUT_FILE_0}\"\n";
			showEnvVarsInLog = 0;
		};
		842BCF217DE5D2AB7335CD4B /* [CP] Embed Pods Frameworks */ = {
			isa = PBXShellScriptBuildPhase;
			buildActionMask = 2147483647;
			files = (
			);
			inputFileListPaths = (
				"${PODS_ROOT}/Target Support Files/Pods-DJI-SDK-HDRPANO/Pods-DJI-SDK-HDRPANO-frameworks-${CONFIGURATION}-input-files.xcfilelist",
			);
			name = "[CP] Embed Pods Frameworks";
			outputFileListPaths = (
				"${PODS_ROOT}/Target Support Files/Pods-DJI-SDK-HDRPANO/Pods-DJI-SDK-HDRPANO-frameworks-${CONFIGURATION}-output-files.xcfilelist",
			);
			runOnlyForDeploymentPostprocessing = 0;
			shellPath = /bin/sh;
			shellScript = "\"${PODS_ROOT}/Target Support Files/Pods-DJI-SDK-HDRPANO/Pods-DJI-SDK-HDRPANO-frameworks.sh\"\n";
			showEnvVarsInLog = 0;
		};
/* End PBXShellScriptBuildPhase section */

/* Begin PBXSourcesBuildPhase section */
		397A26A922FAABA300F81C60 /* Sources */ = {
			isa = PBXSourcesBuildPhase;
			buildActionMask = 2147483647;
			files = (
				39299E0C23B0FE1F005EA027 /* GimbalViewController.swift in Sources */,
				397A26CB22FAC25E00F81C60 /* ProductCommunicationManager.swift in Sources */,
				397A26B322FAABA300F81C60 /* ViewController.swift in Sources */,
				397A26B122FAABA300F81C60 /* AppDelegate.swift in Sources */,
			);
			runOnlyForDeploymentPostprocessing = 0;
		};
/* End PBXSourcesBuildPhase section */

/* Begin PBXVariantGroup section */
		397A26B422FAABA300F81C60 /* Main.storyboard */ = {
			isa = PBXVariantGroup;
			children = (
				397A26B522FAABA300F81C60 /* Base */,
			);
			name = Main.storyboard;
			sourceTree = "<group>";
		};
		397A26B922FAABA400F81C60 /* LaunchScreen.storyboard */ = {
			isa = PBXVariantGroup;
			children = (
				397A26BA22FAABA400F81C60 /* Base */,
			);
			name = LaunchScreen.storyboard;
			sourceTree = "<group>";
		};
/* End PBXVariantGroup section */

/* Begin XCBuildConfiguration section */
		397A26BD22FAABA400F81C60 /* Debug */ = {
			isa = XCBuildConfiguration;
			buildSettings = {
				ALWAYS_SEARCH_USER_PATHS = NO;
				CLANG_ANALYZER_NONNULL = YES;
				CLANG_ANALYZER_NUMBER_OBJECT_CONVERSION = YES_AGGRESSIVE;
				CLANG_CXX_LANGUAGE_STANDARD = "gnu++14";
				CLANG_CXX_LIBRARY = "libc++";
				CLANG_ENABLE_MODULES = YES;
				CLANG_ENABLE_OBJC_ARC = YES;
				CLANG_ENABLE_OBJC_WEAK = YES;
				CLANG_WARN_BLOCK_CAPTURE_AUTORELEASING = YES;
				CLANG_WARN_BOOL_CONVERSION = YES;
				CLANG_WARN_COMMA = YES;
				CLANG_WARN_CONSTANT_CONVERSION = YES;
				CLANG_WARN_DEPRECATED_OBJC_IMPLEMENTATIONS = YES;
				CLANG_WARN_DIRECT_OBJC_ISA_USAGE = YES_ERROR;
				CLANG_WARN_DOCUMENTATION_COMMENTS = YES;
				CLANG_WARN_EMPTY_BODY = YES;
				CLANG_WARN_ENUM_CONVERSION = YES;
				CLANG_WARN_INFINITE_RECURSION = YES;
				CLANG_WARN_INT_CONVERSION = YES;
				CLANG_WARN_NON_LITERAL_NULL_CONVERSION = YES;
				CLANG_WARN_OBJC_IMPLICIT_RETAIN_SELF = YES;
				CLANG_WARN_OBJC_LITERAL_CONVERSION = YES;
				CLANG_WARN_OBJC_ROOT_CLASS = YES_ERROR;
				CLANG_WARN_RANGE_LOOP_ANALYSIS = YES;
				CLANG_WARN_STRICT_PROTOTYPES = YES;
				CLANG_WARN_SUSPICIOUS_MOVE = YES;
				CLANG_WARN_UNGUARDED_AVAILABILITY = YES_AGGRESSIVE;
				CLANG_WARN_UNREACHABLE_CODE = YES;
				CLANG_WARN__DUPLICATE_METHOD_MATCH = YES;
				CODE_SIGN_IDENTITY = "iPhone Developer";
				COPY_PHASE_STRIP = NO;
				DEBUG_INFORMATION_FORMAT = dwarf;
				ENABLE_STRICT_OBJC_MSGSEND = YES;
				ENABLE_TESTABILITY = YES;
				GCC_C_LANGUAGE_STANDARD = gnu11;
				GCC_DYNAMIC_NO_PIC = NO;
				GCC_NO_COMMON_BLOCKS = YES;
				GCC_OPTIMIZATION_LEVEL = 0;
				GCC_PREPROCESSOR_DEFINITIONS = (
					"DEBUG=1",
					"$(inherited)",
				);
				GCC_WARN_64_TO_32_BIT_CONVERSION = YES;
				GCC_WARN_ABOUT_RETURN_TYPE = YES_ERROR;
				GCC_WARN_UNDECLARED_SELECTOR = YES;
				GCC_WARN_UNINITIALIZED_AUTOS = YES_AGGRESSIVE;
				GCC_WARN_UNUSED_FUNCTION = YES;
				GCC_WARN_UNUSED_VARIABLE = YES;
				IPHONEOS_DEPLOYMENT_TARGET = 12.4;
				MTL_ENABLE_DEBUG_INFO = INCLUDE_SOURCE;
				MTL_FAST_MATH = YES;
				ONLY_ACTIVE_ARCH = YES;
				SDKROOT = iphoneos;
				SWIFT_ACTIVE_COMPILATION_CONDITIONS = DEBUG;
				SWIFT_OPTIMIZATION_LEVEL = "-Onone";
			};
			name = Debug;
		};
		397A26BE22FAABA400F81C60 /* Release */ = {
			isa = XCBuildConfiguration;
			buildSettings = {
				ALWAYS_SEARCH_USER_PATHS = NO;
				CLANG_ANALYZER_NONNULL = YES;
				CLANG_ANALYZER_NUMBER_OBJECT_CONVERSION = YES_AGGRESSIVE;
				CLANG_CXX_LANGUAGE_STANDARD = "gnu++14";
				CLANG_CXX_LIBRARY = "libc++";
				CLANG_ENABLE_MODULES = YES;
				CLANG_ENABLE_OBJC_ARC = YES;
				CLANG_ENABLE_OBJC_WEAK = YES;
				CLANG_WARN_BLOCK_CAPTURE_AUTORELEASING = YES;
				CLANG_WARN_BOOL_CONVERSION = YES;
				CLANG_WARN_COMMA = YES;
				CLANG_WARN_CONSTANT_CONVERSION = YES;
				CLANG_WARN_DEPRECATED_OBJC_IMPLEMENTATIONS = YES;
				CLANG_WARN_DIRECT_OBJC_ISA_USAGE = YES_ERROR;
				CLANG_WARN_DOCUMENTATION_COMMENTS = YES;
				CLANG_WARN_EMPTY_BODY = YES;
				CLANG_WARN_ENUM_CONVERSION = YES;
				CLANG_WARN_INFINITE_RECURSION = YES;
				CLANG_WARN_INT_CONVERSION = YES;
				CLANG_WARN_NON_LITERAL_NULL_CONVERSION = YES;
				CLANG_WARN_OBJC_IMPLICIT_RETAIN_SELF = YES;
				CLANG_WARN_OBJC_LITERAL_CONVERSION = YES;
				CLANG_WARN_OBJC_ROOT_CLASS = YES_ERROR;
				CLANG_WARN_RANGE_LOOP_ANALYSIS = YES;
				CLANG_WARN_STRICT_PROTOTYPES = YES;
				CLANG_WARN_SUSPICIOUS_MOVE = YES;
				CLANG_WARN_UNGUARDED_AVAILABILITY = YES_AGGRESSIVE;
				CLANG_WARN_UNREACHABLE_CODE = YES;
				CLANG_WARN__DUPLICATE_METHOD_MATCH = YES;
				CODE_SIGN_IDENTITY = "iPhone Developer";
				COPY_PHASE_STRIP = NO;
				DEBUG_INFORMATION_FORMAT = "dwarf-with-dsym";
				ENABLE_NS_ASSERTIONS = NO;
				ENABLE_STRICT_OBJC_MSGSEND = YES;
				GCC_C_LANGUAGE_STANDARD = gnu11;
				GCC_NO_COMMON_BLOCKS = YES;
				GCC_WARN_64_TO_32_BIT_CONVERSION = YES;
				GCC_WARN_ABOUT_RETURN_TYPE = YES_ERROR;
				GCC_WARN_UNDECLARED_SELECTOR = YES;
				GCC_WARN_UNINITIALIZED_AUTOS = YES_AGGRESSIVE;
				GCC_WARN_UNUSED_FUNCTION = YES;
				GCC_WARN_UNUSED_VARIABLE = YES;
				IPHONEOS_DEPLOYMENT_TARGET = 12.4;
				MTL_ENABLE_DEBUG_INFO = NO;
				MTL_FAST_MATH = YES;
				SDKROOT = iphoneos;
				SWIFT_COMPILATION_MODE = wholemodule;
				SWIFT_OPTIMIZATION_LEVEL = "-O";
				VALIDATE_PRODUCT = YES;
			};
			name = Release;
		};
		397A26C022FAABA400F81C60 /* Debug */ = {
			isa = XCBuildConfiguration;
			baseConfigurationReference = 36D2CE4850B2A69AE96BD966 /* Pods-DJI-SDK-HDRPANO.debug.xcconfig */;
			buildSettings = {
				ASSETCATALOG_COMPILER_APPICON_NAME = AppIcon;
				CODE_SIGN_STYLE = Automatic;
				DEVELOPMENT_TEAM = WXBJGMV63M;
				ENABLE_BITCODE = NO;
				INFOPLIST_FILE = "DJI-SDK-HDRPANO/Info.plist";
				IPHONEOS_DEPLOYMENT_TARGET = 11.0;
				LD_RUNPATH_SEARCH_PATHS = (
					"$(inherited)",
					"@executable_path/Frameworks",
				);
				PRODUCT_BUNDLE_IDENTIFIER = ch.hdrpano.sdk;
				PRODUCT_NAME = "$(TARGET_NAME)";
				SWIFT_OBJC_INTERFACE_HEADER_NAME = "$(SWIFT_MODULE_NAME)-Swift.h";
				SWIFT_VERSION = 5.0;
				TARGETED_DEVICE_FAMILY = "1,2";
				VALID_ARCHS = "armv7 arm64";
			};
			name = Debug;
		};
		397A26C122FAABA400F81C60 /* Release */ = {
			isa = XCBuildConfiguration;
			baseConfigurationReference = 7233F07F27C7F050F97A1816 /* Pods-DJI-SDK-HDRPANO.release.xcconfig */;
			buildSettings = {
				ASSETCATALOG_COMPILER_APPICON_NAME = AppIcon;
				CODE_SIGN_STYLE = Automatic;
				DEBUG_INFORMATION_FORMAT = dwarf;
				DEVELOPMENT_TEAM = WXBJGMV63M;
				ENABLE_BITCODE = NO;
				INFOPLIST_FILE = "DJI-SDK-HDRPANO/Info.plist";
				IPHONEOS_DEPLOYMENT_TARGET = 11.0;
				LD_RUNPATH_SEARCH_PATHS = (
					"$(inherited)",
					"@executable_path/Frameworks",
				);
				PRODUCT_BUNDLE_IDENTIFIER = ch.hdrpano.sdk;
				PRODUCT_NAME = "$(TARGET_NAME)";
				SWIFT_OBJC_INTERFACE_HEADER_NAME = "$(SWIFT_MODULE_NAME)-Swift.h";
				SWIFT_VERSION = 5.0;
				TARGETED_DEVICE_FAMILY = "1,2";
				VALID_ARCHS = "armv7 arm64";
			};
			name = Release;
		};
/* End XCBuildConfiguration section */

/* Begin XCConfigurationList section */
		397A26A822FAABA300F81C60 /* Build configuration list for PBXProject "DJI-SDK-HDRPANO" */ = {
			isa = XCConfigurationList;
			buildConfigurations = (
				397A26BD22FAABA400F81C60 /* Debug */,
				397A26BE22FAABA400F81C60 /* Release */,
			);
			defaultConfigurationIsVisible = 0;
			defaultConfigurationName = Release;
		};
		397A26BF22FAABA400F81C60 /* Build configuration list for PBXNativeTarget "DJI-SDK-HDRPANO" */ = {
			isa = XCConfigurationList;
			buildConfigurations = (
				397A26C022FAABA400F81C60 /* Debug */,
				397A26C122FAABA400F81C60 /* Release */,
			);
			defaultConfigurationIsVisible = 0;
			defaultConfigurationName = Release;
		};
/* End XCConfigurationList section */
	};
	rootObject = 397A26A522FAABA300F81C60 /* Project object */;
}
